# This file is automatically @generated by Cargo.
# It is not intended for manual editing.
version = 4

[[package]]
name = "cordis"
version = "0.1.0"
dependencies = [
 "cordis-core",
]

[[package]]
name = "cordis-core"
version = "0.1.0"

[[package]]
name = "cordis-hmr"
version = "0.1.0"
dependencies = [
 "cordis-core",
]

[[package]]
name = "cordis-loader"
version = "0.1.0"
dependencies = [
 "cordis-core",
]

[[package]]
name = "cordis-macro"
version = "0.1.0"
dependencies = [
 "cordis-core",
]

[[package]]
name = "cordis-native"
version = "0.1.0"
dependencies = [
 "cordis-core",
]

[[package]]
name = "cordis-wasm"
version = "0.1.0"
dependencies = [
 "cordis-core",
]
